// !$*UTF8*$!
{
	archiveVersion = 1;
	classes = {
	};
	objectVersion = 46;
	objects = {

/* Begin PBXBuildFile section */
		1E2543480071AFC8DB6EC811 /* Pods_DevLove.framework in Frameworks */ = {isa = PBXBuildFile; fileRef = 1C87495867BEF2434296F210 /* Pods_DevLove.framework */; };
		FD51DEEE1F0C5F0C00D4A4B9 /* AppDelegate.swift in Sources */ = {isa = PBXBuildFile; fileRef = FD51DEED1F0C5F0C00D4A4B9 /* AppDelegate.swift */; };
		FD51DEF01F0C5F0C00D4A4B9 /* SigninVC.swift in Sources */ = {isa = PBXBuildFile; fileRef = FD51DEEF1F0C5F0C00D4A4B9 /* SigninVC.swift */; };
		FD51DEF31F0C5F0C00D4A4B9 /* Main.storyboard in Resources */ = {isa = PBXBuildFile; fileRef = FD51DEF11F0C5F0C00D4A4B9 /* Main.storyboard */; };
		FD51DEF51F0C5F0C00D4A4B9 /* Assets.xcassets in Resources */ = {isa = PBXBuildFile; fileRef = FD51DEF41F0C5F0C00D4A4B9 /* Assets.xcassets */; };
		FD51DEF81F0C5F0C00D4A4B9 /* LaunchScreen.storyboard in Resources */ = {isa = PBXBuildFile; fileRef = FD51DEF61F0C5F0C00D4A4B9 /* LaunchScreen.storyboard */; };
		FDDA9E991F0D530C009E5E60 /* NewsFeedCell.swift in Sources */ = {isa = PBXBuildFile; fileRef = FDDA9E981F0D530C009E5E60 /* NewsFeedCell.swift */; };
		FDDA9E9B1F0D61B9009E5E60 /* FancyLabel.swift in Sources */ = {isa = PBXBuildFile; fileRef = FDDA9E9A1F0D61B9009E5E60 /* FancyLabel.swift */; };
		FDDA9E9D1F0D7E42009E5E60 /* FancierView.swift in Sources */ = {isa = PBXBuildFile; fileRef = FDDA9E9C1F0D7E42009E5E60 /* FancierView.swift */; };
		FDDA9E9F1F0ECE76009E5E60 /* NewsWebVC.swift in Sources */ = {isa = PBXBuildFile; fileRef = FDDA9E9E1F0ECE76009E5E60 /* NewsWebVC.swift */; };
		FDE4F9AC1F0C638600DAF135 /* GoogleService-Info.plist in Resources */ = {isa = PBXBuildFile; fileRef = FDE4F9AB1F0C638600DAF135 /* GoogleService-Info.plist */; };
		FDE4F9B11F0CE1DD00DAF135 /* f.png in Resources */ = {isa = PBXBuildFile; fileRef = FDE4F9B01F0CE1DD00DAF135 /* f.png */; };
		FDE4F9B31F0CE67100DAF135 /* RoundedButton.swift in Sources */ = {isa = PBXBuildFile; fileRef = FDE4F9B21F0CE67100DAF135 /* RoundedButton.swift */; };
		FDE4F9B51F0CE75900DAF135 /* FancyImageView.swift in Sources */ = {isa = PBXBuildFile; fileRef = FDE4F9B41F0CE75900DAF135 /* FancyImageView.swift */; };
		FDE4F9B71F0CEC4300DAF135 /* User.swift in Sources */ = {isa = PBXBuildFile; fileRef = FDE4F9B61F0CEC4300DAF135 /* User.swift */; };
		FDE4F9B91F0CFD8E00DAF135 /* NewsVC.swift in Sources */ = {isa = PBXBuildFile; fileRef = FDE4F9B81F0CFD8E00DAF135 /* NewsVC.swift */; };
		FDE4F9BB1F0D008100DAF135 /* Constants.swift in Sources */ = {isa = PBXBuildFile; fileRef = FDE4F9BA1F0D008100DAF135 /* Constants.swift */; };
		FDE4F9BD1F0D0E9400DAF135 /* NewsFeed.swift in Sources */ = {isa = PBXBuildFile; fileRef = FDE4F9BC1F0D0E9400DAF135 /* NewsFeed.swift */; };
/* End PBXBuildFile section */

/* Begin PBXFileReference section */
		1C87495867BEF2434296F210 /* Pods_DevLove.framework */ = {isa = PBXFileReference; explicitFileType = wrapper.framework; includeInIndex = 0; path = Pods_DevLove.framework; sourceTree = BUILT_PRODUCTS_DIR; };
		AFA98756B324CD964B1EBEB6 /* Pods-DevLove.debug.xcconfig */ = {isa = PBXFileReference; includeInIndex = 1; lastKnownFileType = text.xcconfig; name = "Pods-DevLove.debug.xcconfig"; path = "Pods/Target Support Files/Pods-DevLove/Pods-DevLove.debug.xcconfig"; sourceTree = "<group>"; };
		F67BA1245D846177ACC66DC1 /* Pods-DevLove.release.xcconfig */ = {isa = PBXFileReference; includeInIndex = 1; lastKnownFileType = text.xcconfig; name = "Pods-DevLove.release.xcconfig"; path = "Pods/Target Support Files/Pods-DevLove/Pods-DevLove.release.xcconfig"; sourceTree = "<group>"; };
		FD51DEEA1F0C5F0C00D4A4B9 /* DevLove.app */ = {isa = PBXFileReference; explicitFileType = wrapper.application; includeInIndex = 0; path = DevLove.app; sourceTree = BUILT_PRODUCTS_DIR; };
		FD51DEED1F0C5F0C00D4A4B9 /* AppDelegate.swift */ = {isa = PBXFileReference; lastKnownFileType = sourcecode.swift; path = AppDelegate.swift; sourceTree = "<group>"; };
		FD51DEEF1F0C5F0C00D4A4B9 /* SigninVC.swift */ = {isa = PBXFileReference; lastKnownFileType = sourcecode.swift; path = SigninVC.swift; sourceTree = "<group>"; };
		FD51DEF21F0C5F0C00D4A4B9 /* Base */ = {isa = PBXFileReference; lastKnownFileType = file.storyboard; name = Base; path = Base.lproj/Main.storyboard; sourceTree = "<group>"; };
		FD51DEF41F0C5F0C00D4A4B9 /* Assets.xcassets */ = {isa = PBXFileReference; lastKnownFileType = folder.assetcatalog; path = Assets.xcassets; sourceTree = "<group>"; };
		FD51DEF71F0C5F0C00D4A4B9 /* Base */ = {isa = PBXFileReference; lastKnownFileType = file.storyboard; name = Base; path = Base.lproj/LaunchScreen.storyboard; sourceTree = "<group>"; };
		FD51DEF91F0C5F0C00D4A4B9 /* Info.plist */ = {isa = PBXFileReference; lastKnownFileType = text.plist.xml; path = Info.plist; sourceTree = "<group>"; };
		FDDA9E981F0D530C009E5E60 /* NewsFeedCell.swift */ = {isa = PBXFileReference; fileEncoding = 4; lastKnownFileType = sourcecode.swift; path = NewsFeedCell.swift; sourceTree = "<group>"; };
		FDDA9E9A1F0D61B9009E5E60 /* FancyLabel.swift */ = {isa = PBXFileReference; fileEncoding = 4; lastKnownFileType = sourcecode.swift; path = FancyLabel.swift; sourceTree = "<group>"; };
		FDDA9E9C1F0D7E42009E5E60 /* FancierView.swift */ = {isa = PBXFileReference; fileEncoding = 4; lastKnownFileType = sourcecode.swift; path = FancierView.swift; sourceTree = "<group>"; };
		FDDA9E9E1F0ECE76009E5E60 /* NewsWebVC.swift */ = {isa = PBXFileReference; fileEncoding = 4; lastKnownFileType = sourcecode.swift; path = NewsWebVC.swift; sourceTree = "<group>"; };
		FDE4F9AB1F0C638600DAF135 /* GoogleService-Info.plist */ = {isa = PBXFileReference; fileEncoding = 4; lastKnownFileType = text.plist.xml; path = "GoogleService-Info.plist"; sourceTree = "<group>"; };
		FDE4F9B01F0CE1DD00DAF135 /* f.png */ = {isa = PBXFileReference; lastKnownFileType = image.png; path = f.png; sourceTree = "<group>"; };
		FDE4F9B21F0CE67100DAF135 /* RoundedButton.swift */ = {isa = PBXFileReference; fileEncoding = 4; lastKnownFileType = sourcecode.swift; path = RoundedButton.swift; sourceTree = "<group>"; };
		FDE4F9B41F0CE75900DAF135 /* FancyImageView.swift */ = {isa = PBXFileReference; fileEncoding = 4; lastKnownFileType = sourcecode.swift; path = FancyImageView.swift; sourceTree = "<group>"; };
		FDE4F9B61F0CEC4300DAF135 /* User.swift */ = {isa = PBXFileReference; fileEncoding = 4; lastKnownFileType = sourcecode.swift; path = User.swift; sourceTree = "<group>"; };
		FDE4F9B81F0CFD8E00DAF135 /* NewsVC.swift */ = {isa = PBXFileReference; fileEncoding = 4; lastKnownFileType = sourcecode.swift; path = NewsVC.swift; sourceTree = "<group>"; };
		FDE4F9BA1F0D008100DAF135 /* Constants.swift */ = {isa = PBXFileReference; fileEncoding = 4; lastKnownFileType = sourcecode.swift; path = Constants.swift; sourceTree = "<group>"; };
		FDE4F9BC1F0D0E9400DAF135 /* NewsFeed.swift */ = {isa = PBXFileReference; fileEncoding = 4; lastKnownFileType = sourcecode.swift; path = NewsFeed.swift; sourceTree = "<group>"; };
/* End PBXFileReference section */

/* Begin PBXFrameworksBuildPhase section */
		FD51DEE71F0C5F0C00D4A4B9 /* Frameworks */ = {
			isa = PBXFrameworksBuildPhase;
			buildActionMask = 2147483647;
			files = (
				1E2543480071AFC8DB6EC811 /* Pods_DevLove.framework in Frameworks */,
			);
			runOnlyForDeploymentPostprocessing = 0;
		};
/* End PBXFrameworksBuildPhase section */

/* Begin PBXGroup section */
		4837DA6C2F6C90480FEAE717 /* Frameworks */ = {
			isa = PBXGroup;
			children = (
				1C87495867BEF2434296F210 /* Pods_DevLove.framework */,
			);
			name = Frameworks;
			sourceTree = "<group>";
		};
		96D791809E4BE73F0EA4E4AF /* Pods */ = {
			isa = PBXGroup;
			children = (
				AFA98756B324CD964B1EBEB6 /* Pods-DevLove.debug.xcconfig */,
				F67BA1245D846177ACC66DC1 /* Pods-DevLove.release.xcconfig */,
			);
			name = Pods;
			sourceTree = "<group>";
		};
		FD51DEE11F0C5F0C00D4A4B9 = {
			isa = PBXGroup;
			children = (
				FD51DEEC1F0C5F0C00D4A4B9 /* DevLove */,
				FD51DEEB1F0C5F0C00D4A4B9 /* Products */,
				96D791809E4BE73F0EA4E4AF /* Pods */,
				4837DA6C2F6C90480FEAE717 /* Frameworks */,
			);
			sourceTree = "<group>";
		};
		FD51DEEB1F0C5F0C00D4A4B9 /* Products */ = {
			isa = PBXGroup;
			children = (
				FD51DEEA1F0C5F0C00D4A4B9 /* DevLove.app */,
			);
			name = Products;
			sourceTree = "<group>";
		};
		FD51DEEC1F0C5F0C00D4A4B9 /* DevLove */ = {
			isa = PBXGroup;
			children = (
				FDE4F9AF1F0C654B00DAF135 /* Model */,
				FDE4F9AE1F0C654300DAF135 /* View */,
				FDE4F9AD1F0C653500DAF135 /* Controller */,
				FDE4F9AB1F0C638600DAF135 /* GoogleService-Info.plist */,
				FD51DEED1F0C5F0C00D4A4B9 /* AppDelegate.swift */,
				FD51DEF11F0C5F0C00D4A4B9 /* Main.storyboard */,
				FD51DEF41F0C5F0C00D4A4B9 /* Assets.xcassets */,
				FDE4F9B01F0CE1DD00DAF135 /* f.png */,
				FD51DEF61F0C5F0C00D4A4B9 /* LaunchScreen.storyboard */,
				FD51DEF91F0C5F0C00D4A4B9 /* Info.plist */,
				FDE4F9BA1F0D008100DAF135 /* Constants.swift */,
			);
			path = DevLove;
			sourceTree = "<group>";
		};
		FDE4F9AD1F0C653500DAF135 /* Controller */ = {
			isa = PBXGroup;
			children = (
				FDDA9E981F0D530C009E5E60 /* NewsFeedCell.swift */,
				FD51DEEF1F0C5F0C00D4A4B9 /* SigninVC.swift */,
				FDE4F9B81F0CFD8E00DAF135 /* NewsVC.swift */,
				FDDA9E9E1F0ECE76009E5E60 /* NewsWebVC.swift */,
			);
			name = Controller;
			sourceTree = "<group>";
		};
		FDE4F9AE1F0C654300DAF135 /* View */ = {
			isa = PBXGroup;
			children = (
				FDE4F9B21F0CE67100DAF135 /* RoundedButton.swift */,
				FDE4F9B41F0CE75900DAF135 /* FancyImageView.swift */,
				FDDA9E9A1F0D61B9009E5E60 /* FancyLabel.swift */,
				FDDA9E9C1F0D7E42009E5E60 /* FancierView.swift */,
			);
			name = View;
			sourceTree = "<group>";
		};
		FDE4F9AF1F0C654B00DAF135 /* Model */ = {
			isa = PBXGroup;
			children = (
				FDE4F9B61F0CEC4300DAF135 /* User.swift */,
				FDE4F9BC1F0D0E9400DAF135 /* NewsFeed.swift */,
			);
			name = Model;
			sourceTree = "<group>";
		};
/* End PBXGroup section */

/* Begin PBXNativeTarget section */
		FD51DEE91F0C5F0C00D4A4B9 /* DevLove */ = {
			isa = PBXNativeTarget;
			buildConfigurationList = FD51DEFC1F0C5F0C00D4A4B9 /* Build configuration list for PBXNativeTarget "DevLove" */;
			buildPhases = (
				3C3C4416CB15E1C8407D4411 /* [CP] Check Pods Manifest.lock */,
				FD51DEE61F0C5F0C00D4A4B9 /* Sources */,
				FD51DEE71F0C5F0C00D4A4B9 /* Frameworks */,
				FD51DEE81F0C5F0C00D4A4B9 /* Resources */,
				B123773B0CFAED708BF63B6F /* [CP] Embed Pods Frameworks */,
				6166F0957D6C355FFD86D077 /* [CP] Copy Pods Resources */,
			);
			buildRules = (
			);
			dependencies = (
			);
			name = DevLove;
			productName = DevLove;
			productReference = FD51DEEA1F0C5F0C00D4A4B9 /* DevLove.app */;
			productType = "com.apple.product-type.application";
		};
/* End PBXNativeTarget section */

/* Begin PBXProject section */
		FD51DEE21F0C5F0C00D4A4B9 /* Project object */ = {
			isa = PBXProject;
			attributes = {
				LastSwiftUpdateCheck = 0830;
				LastUpgradeCheck = 0830;
				ORGANIZATIONNAME = "Daniel Ny";
				TargetAttributes = {
					FD51DEE91F0C5F0C00D4A4B9 = {
						CreatedOnToolsVersion = 8.3.3;
						DevelopmentTeam = 7LRD5684ZH;
						ProvisioningStyle = Automatic;
					};
				};
			};
			buildConfigurationList = FD51DEE51F0C5F0C00D4A4B9 /* Build configuration list for PBXProject "DevLove" */;
			compatibilityVersion = "Xcode 3.2";
			developmentRegion = English;
			hasScannedForEncodings = 0;
			knownRegions = (
				en,
				Base,
			);
			mainGroup = FD51DEE11F0C5F0C00D4A4B9;
			productRefGroup = FD51DEEB1F0C5F0C00D4A4B9 /* Products */;
			projectDirPath = "";
			projectRoot = "";
			targets = (
				FD51DEE91F0C5F0C00D4A4B9 /* DevLove */,
			);
		};
/* End PBXProject section */

/* Begin PBXResourcesBuildPhase section */
		FD51DEE81F0C5F0C00D4A4B9 /* Resources */ = {
			isa = PBXResourcesBuildPhase;
			buildActionMask = 2147483647;
			files = (
				FD51DEF81F0C5F0C00D4A4B9 /* LaunchScreen.storyboard in Resources */,
				FDE4F9AC1F0C638600DAF135 /* GoogleService-Info.plist in Resources */,
				FD51DEF51F0C5F0C00D4A4B9 /* Assets.xcassets in Resources */,
				FDE4F9B11F0CE1DD00DAF135 /* f.png in Resources */,
				FD51DEF31F0C5F0C00D4A4B9 /* Main.storyboard in Resources */,
			);
			runOnlyForDeploymentPostprocessing = 0;
		};
/* End PBXResourcesBuildPhase section */

/* Begin PBXShellScriptBuildPhase section */
		3C3C4416CB15E1C8407D4411 /* [CP] Check Pods Manifest.lock */ = {
			isa = PBXShellScriptBuildPhase;
			buildActionMask = 2147483647;
			files = (
			);
			inputPaths = (
			);
			name = "[CP] Check Pods Manifest.lock";
			outputPaths = (
			);
			runOnlyForDeploymentPostprocessing = 0;
			shellPath = /bin/sh;
			shellScript = "diff \"${PODS_PODFILE_DIR_PATH}/Podfile.lock\" \"${PODS_ROOT}/Manifest.lock\" > /dev/null\nif [ $? != 0 ] ; then\n    # print error to STDERR\n    echo \"error: The sandbox is not in sync with the Podfile.lock. Run 'pod install' or update your CocoaPods installation.\" >&2\n    exit 1\nfi\n";
			showEnvVarsInLog = 0;
		};
		6166F0957D6C355FFD86D077 /* [CP] Copy Pods Resources */ = {
			isa = PBXShellScriptBuildPhase;
			buildActionMask = 2147483647;
			files = (
			);
			inputPaths = (
			);
			name = "[CP] Copy Pods Resources";
			outputPaths = (
			);
			runOnlyForDeploymentPostprocessing = 0;
			shellPath = /bin/sh;
			shellScript = "\"${SRCROOT}/Pods/Target Support Files/Pods-DevLove/Pods-DevLove-resources.sh\"\n";
			showEnvVarsInLog = 0;
		};
		B123773B0CFAED708BF63B6F /* [CP] Embed Pods Frameworks */ = {
			isa = PBXShellScriptBuildPhase;
			buildActionMask = 2147483647;
			files = (
			);
			inputPaths = (
			);
			name = "[CP] Embed Pods Frameworks";
			outputPaths = (
			);
			runOnlyForDeploymentPostprocessing = 0;
			shellPath = /bin/sh;
			shellScript = "\"${SRCROOT}/Pods/Target Support Files/Pods-DevLove/Pods-DevLove-frameworks.sh\"\n";
			showEnvVarsInLog = 0;
		};
/* End PBXShellScriptBuildPhase section */

/* Begin PBXSourcesBuildPhase section */
		FD51DEE61F0C5F0C00D4A4B9 /* Sources */ = {
			isa = PBXSourcesBuildPhase;
			buildActionMask = 2147483647;
			files = (
				FD51DEF01F0C5F0C00D4A4B9 /* SigninVC.swift in Sources */,
				FDE4F9B31F0CE67100DAF135 /* RoundedButton.swift in Sources */,
				FDE4F9BD1F0D0E9400DAF135 /* NewsFeed.swift in Sources */,
				FDE4F9B51F0CE75900DAF135 /* FancyImageView.swift in Sources */,
				FDE4F9B71F0CEC4300DAF135 /* User.swift in Sources */,
				FDDA9E991F0D530C009E5E60 /* NewsFeedCell.swift in Sources */,
				FDDA9E9F1F0ECE76009E5E60 /* NewsWebVC.swift in Sources */,
				FDDA9E9D1F0D7E42009E5E60 /* FancierView.swift in Sources */,
				FDDA9E9B1F0D61B9009E5E60 /* FancyLabel.swift in Sources */,
				FDE4F9BB1F0D008100DAF135 /* Constants.swift in Sources */,
				FD51DEEE1F0C5F0C00D4A4B9 /* AppDelegate.swift in Sources */,
				FDE4F9B91F0CFD8E00DAF135 /* NewsVC.swift in Sources */,
			);
			runOnlyForDeploymentPostprocessing = 0;
		};
/* End PBXSourcesBuildPhase section */

/* Begin PBXVariantGroup section */
		FD51DEF11F0C5F0C00D4A4B9 /* Main.storyboard */ = {
			isa = PBXVariantGroup;
			children = (
				FD51DEF21F0C5F0C00D4A4B9 /* Base */,
			);
			name = Main.storyboard;
			sourceTree = "<group>";
		};
		FD51DEF61F0C5F0C00D4A4B9 /* LaunchScreen.storyboard */ = {
			isa = PBXVariantGroup;
			children = (
				FD51DEF71F0C5F0C00D4A4B9 /* Base */,
			);
			name = LaunchScreen.storyboard;
			sourceTree = "<group>";
		};
/* End PBXVariantGroup section */

/* Begin XCBuildConfiguration section */
		FD51DEFA1F0C5F0C00D4A4B9 /* Debug */ = {
			isa = XCBuildConfiguration;
			buildSettings = {
				ALWAYS_SEARCH_USER_PATHS = NO;
				CLANG_ANALYZER_NONNULL = YES;
				CLANG_ANALYZER_NUMBER_OBJECT_CONVERSION = YES_AGGRESSIVE;
				CLANG_CXX_LANGUAGE_STANDARD = "gnu++0x";
				CLANG_CXX_LIBRARY = "libc++";
				CLANG_ENABLE_MODULES = YES;
				CLANG_ENABLE_OBJC_ARC = YES;
				CLANG_WARN_BOOL_CONVERSION = YES;
				CLANG_WARN_CONSTANT_CONVERSION = YES;
				CLANG_WARN_DIRECT_OBJC_ISA_USAGE = YES_ERROR;
				CLANG_WARN_DOCUMENTATION_COMMENTS = YES;
				CLANG_WARN_EMPTY_BODY = YES;
				CLANG_WARN_ENUM_CONVERSION = YES;
				CLANG_WARN_INFINITE_RECURSION = YES;
				CLANG_WARN_INT_CONVERSION = YES;
				CLANG_WARN_OBJC_ROOT_CLASS = YES_ERROR;
				CLANG_WARN_SUSPICIOUS_MOVE = YES;
				CLANG_WARN_UNREACHABLE_CODE = YES;
				CLANG_WARN__DUPLICATE_METHOD_MATCH = YES;
				"CODE_SIGN_IDENTITY[sdk=iphoneos*]" = "iPhone Developer";
				COPY_PHASE_STRIP = NO;
				DEBUG_INFORMATION_FORMAT = dwarf;
				ENABLE_STRICT_OBJC_MSGSEND = YES;
				ENABLE_TESTABILITY = YES;
				GCC_C_LANGUAGE_STANDARD = gnu99;
				GCC_DYNAMIC_NO_PIC = NO;
				GCC_NO_COMMON_BLOCKS = YES;
				GCC_OPTIMIZATION_LEVEL = 0;
				GCC_PREPROCESSOR_DEFINITIONS = (
					"DEBUG=1",
					"$(inherited)",
				);
				GCC_WARN_64_TO_32_BIT_CONVERSION = YES;
				GCC_WARN_ABOUT_RETURN_TYPE = YES_ERROR;
				GCC_WARN_UNDECLARED_SELECTOR = YES;
				GCC_WARN_UNINITIALIZED_AUTOS = YES_AGGRESSIVE;
				GCC_WARN_UNUSED_FUNCTION = YES;
				GCC_WARN_UNUSED_VARIABLE = YES;
				IPHONEOS_DEPLOYMENT_TARGET = 10.3;
				MTL_ENABLE_DEBUG_INFO = YES;
				ONLY_ACTIVE_ARCH = YES;
				SDKROOT = iphoneos;
				SWIFT_ACTIVE_COMPILATION_CONDITIONS = DEBUG;
				SWIFT_OPTIMIZATION_LEVEL = "-Onone";
				TARGETED_DEVICE_FAMILY = "1,2";
			};
			name = Debug;
		};
		FD51DEFB1F0C5F0C00D4A4B9 /* Release */ = {
			isa = XCBuildConfiguration;
			buildSettings = {
				ALWAYS_SEARCH_USER_PATHS = NO;
				CLANG_ANALYZER_NONNULL = YES;
				CLANG_ANALYZER_NUMBER_OBJECT_CONVERSION = YES_AGGRESSIVE;
				CLANG_CXX_LANGUAGE_STANDARD = "gnu++0x";
				CLANG_CXX_LIBRARY = "libc++";
				CLANG_ENABLE_MODULES = YES;
				CLANG_ENABLE_OBJC_ARC = YES;
				CLANG_WARN_BOOL_CONVERSION = YES;
				CLANG_WARN_CONSTANT_CONVERSION = YES;
				CLANG_WARN_DIRECT_OBJC_ISA_USAGE = YES_ERROR;
				CLANG_WARN_DOCUMENTATION_COMMENTS = YES;
				CLANG_WARN_EMPTY_BODY = YES;
				CLANG_WARN_ENUM_CONVERSION = YES;
				CLANG_WARN_INFINITE_RECURSION = YES;
				CLANG_WARN_INT_CONVERSION = YES;
				CLANG_WARN_OBJC_ROOT_CLASS = YES_ERROR;
				CLANG_WARN_SUSPICIOUS_MOVE = YES;
				CLANG_WARN_UNREACHABLE_CODE = YES;
				CLANG_WARN__DUPLICATE_METHOD_MATCH = YES;
				"CODE_SIGN_IDENTITY[sdk=iphoneos*]" = "iPhone Developer";
				COPY_PHASE_STRIP = NO;
				DEBUG_INFORMATION_FORMAT = "dwarf-with-dsym";
				ENABLE_NS_ASSERTIONS = NO;
				ENABLE_STRICT_OBJC_MSGSEND = YES;
				GCC_C_LANGUAGE_STANDARD = gnu99;
				GCC_NO_COMMON_BLOCKS = YES;
				GCC_WARN_64_TO_32_BIT_CONVERSION = YES;
				GCC_WARN_ABOUT_RETURN_TYPE = YES_ERROR;
				GCC_WARN_UNDECLARED_SELECTOR = YES;
				GCC_WARN_UNINITIALIZED_AUTOS = YES_AGGRESSIVE;
				GCC_WARN_UNUSED_FUNCTION = YES;
				GCC_WARN_UNUSED_VARIABLE = YES;
				IPHONEOS_DEPLOYMENT_TARGET = 10.3;
				MTL_ENABLE_DEBUG_INFO = NO;
				SDKROOT = iphoneos;
				SWIFT_OPTIMIZATION_LEVEL = "-Owholemodule";
				TARGETED_DEVICE_FAMILY = "1,2";
				VALIDATE_PRODUCT = YES;
			};
			name = Release;
		};
		FD51DEFD1F0C5F0C00D4A4B9 /* Debug */ = {
			isa = XCBuildConfiguration;
			baseConfigurationReference = AFA98756B324CD964B1EBEB6 /* Pods-DevLove.debug.xcconfig */;
			buildSettings = {
				ASSETCATALOG_COMPILER_APPICON_NAME = AppIcon;
				DEVELOPMENT_TEAM = 7LRD5684ZH;
				INFOPLIST_FILE = DevLove/Info.plist;
				LD_RUNPATH_SEARCH_PATHS = "$(inherited) @executable_path/Frameworks";
				PRODUCT_BUNDLE_IDENTIFIER = com.danielny.DevLove;
				PRODUCT_NAME = "$(TARGET_NAME)";
				SWIFT_VERSION = 3.0;
			};
			name = Debug;
		};
		FD51DEFE1F0C5F0C00D4A4B9 /* Release */ = {
			isa = XCBuildConfiguration;
			baseConfigurationReference = F67BA1245D846177ACC66DC1 /* Pods-DevLove.release.xcconfig */;
			buildSettings = {
				ASSETCATALOG_COMPILER_APPICON_NAME = AppIcon;
				DEVELOPMENT_TEAM = 7LRD5684ZH;
				INFOPLIST_FILE = DevLove/Info.plist;
				LD_RUNPATH_SEARCH_PATHS = "$(inherited) @executable_path/Frameworks";
				PRODUCT_BUNDLE_IDENTIFIER = com.danielny.DevLove;
				PRODUCT_NAME = "$(TARGET_NAME)";
				SWIFT_VERSION = 3.0;
			};
			name = Release;
		};
/* End XCBuildConfiguration section */

/* Begin XCConfigurationList section */
		FD51DEE51F0C5F0C00D4A4B9 /* Build configuration list for PBXProject "DevLove" */ = {
			isa = XCConfigurationList;
			buildConfigurations = (
				FD51DEFA1F0C5F0C00D4A4B9 /* Debug */,
				FD51DEFB1F0C5F0C00D4A4B9 /* Release */,
			);
			defaultConfigurationIsVisible = 0;
			defaultConfigurationName = Release;
		};
		FD51DEFC1F0C5F0C00D4A4B9 /* Build configuration list for PBXNativeTarget "DevLove" */ = {
			isa = XCConfigurationList;
			buildConfigurations = (
				FD51DEFD1F0C5F0C00D4A4B9 /* Debug */,
				FD51DEFE1F0C5F0C00D4A4B9 /* Release */,
			);
			defaultConfigurationIsVisible = 0;
			defaultConfigurationName = Release;
		};
/* End XCConfigurationList section */
	};
	rootObject = FD51DEE21F0C5F0C00D4A4B9 /* Project object */;
}
